{
  "name": "express-hcaptcha",
  "version": "0.0.1",
  "lockfileVersion": 1,
  "requires": true,
  "dependencies": {
    "hcaptcha": {
      "version": "0.0.1",
      "resolved": "https://registry.npmjs.org/hcaptcha/-/hcaptcha-0.0.1.tgz",
      "integrity": "sha512-xGU7wSg3BENwEsOplfMghyR7SL/AXKllmCRMkmt3WQHxhINVNs2u7pP7V5FhigNFBNt6zz32GDRzLqfeDzqPyA=="
    }
  }
}
